// !$*UTF8*$!
{
	archiveVersion = 1;
	classes = {
	};
	objectVersion = 55;
	objects = {

/* Begin PBXBuildFile section */
		C907F9B626D16C0E0055B3FD /* HotelBillApp.swift in Sources */ = {isa = PBXBuildFile; fileRef = C907F9B526D16C0E0055B3FD /* HotelBillApp.swift */; };
		C907F9B826D16C0E0055B3FD /* ContentView.swift in Sources */ = {isa = PBXBuildFile; fileRef = C907F9B726D16C0E0055B3FD /* ContentView.swift */; };
		C907F9BA26D16C100055B3FD /* Assets.xcassets in Resources */ = {isa = PBXBuildFile; fileRef = C907F9B926D16C100055B3FD /* Assets.xcassets */; };
		C907F9BD26D16C100055B3FD /* Preview Assets.xcassets in Resources */ = {isa = PBXBuildFile; fileRef = C907F9BC26D16C100055B3FD /* Preview Assets.xcassets */; };
		C907F9C726D16C110055B3FD /* HotelBillTests.swift in Sources */ = {isa = PBXBuildFile; fileRef = C907F9C626D16C110055B3FD /* HotelBillTests.swift */; };
		C907F9D126D16C110055B3FD /* HotelBillUITests.swift in Sources */ = {isa = PBXBuildFile; fileRef = C907F9D026D16C110055B3FD /* HotelBillUITests.swift */; };
		C907F9D326D16C110055B3FD /* HotelBillUITestsLaunchTests.swift in Sources */ = {isa = PBXBuildFile; fileRef = C907F9D226D16C110055B3FD /* HotelBillUITestsLaunchTests.swift */; };
		C907FA1D26D17DDA0055B3FD /* SceneDelegate.swift in Sources */ = {isa = PBXBuildFile; fileRef = C907FA1B26D17DDA0055B3FD /* SceneDelegate.swift */; };
		C907FA1E26D17DDA0055B3FD /* AppDelegate.swift in Sources */ = {isa = PBXBuildFile; fileRef = C907FA1C26D17DDA0055B3FD /* AppDelegate.swift */; };
		C907FA2326D1DD3C0055B3FD /* Introspect in Frameworks */ = {isa = PBXBuildFile; productRef = C907FA2226D1DD3C0055B3FD /* Introspect */; };
		C979E6BE26D282BE004FB0A9 /* WelcomeNavigationFormView.swift in Sources */ = {isa = PBXBuildFile; fileRef = C979E6BD26D282BE004FB0A9 /* WelcomeNavigationFormView.swift */; };
/* End PBXBuildFile section */

/* Begin PBXContainerItemProxy section */
		C907F9C326D16C110055B3FD /* PBXContainerItemProxy */ = {
			isa = PBXContainerItemProxy;
			containerPortal = C907F9AA26D16C0E0055B3FD /* Project object */;
			proxyType = 1;
			remoteGlobalIDString = C907F9B126D16C0E0055B3FD;
			remoteInfo = HotelBill;
		};
		C907F9CD26D16C110055B3FD /* PBXContainerItemProxy */ = {
			isa = PBXContainerItemProxy;
			containerPortal = C907F9AA26D16C0E0055B3FD /* Project object */;
			proxyType = 1;
			remoteGlobalIDString = C907F9B126D16C0E0055B3FD;
			remoteInfo = HotelBill;
		};
/* End PBXContainerItemProxy section */

/* Begin PBXFileReference section */
		C907F9B226D16C0E0055B3FD /* HotelBill.app */ = {isa = PBXFileReference; explicitFileType = wrapper.application; includeInIndex = 0; path = HotelBill.app; sourceTree = BUILT_PRODUCTS_DIR; };
		C907F9B526D16C0E0055B3FD /* HotelBillApp.swift */ = {isa = PBXFileReference; lastKnownFileType = sourcecode.swift; path = HotelBillApp.swift; sourceTree = "<group>"; };
		C907F9B726D16C0E0055B3FD /* ContentView.swift */ = {isa = PBXFileReference; lastKnownFileType = sourcecode.swift; path = ContentView.swift; sourceTree = "<group>"; };
		C907F9B926D16C100055B3FD /* Assets.xcassets */ = {isa = PBXFileReference; lastKnownFileType = folder.assetcatalog; path = Assets.xcassets; sourceTree = "<group>"; };
		C907F9BC26D16C100055B3FD /* Preview Assets.xcassets */ = {isa = PBXFileReference; lastKnownFileType = folder.assetcatalog; path = "Preview Assets.xcassets"; sourceTree = "<group>"; };
		C907F9C226D16C110055B3FD /* HotelBillTests.xctest */ = {isa = PBXFileReference; explicitFileType = wrapper.cfbundle; includeInIndex = 0; path = HotelBillTests.xctest; sourceTree = BUILT_PRODUCTS_DIR; };
		C907F9C626D16C110055B3FD /* HotelBillTests.swift */ = {isa = PBXFileReference; lastKnownFileType = sourcecode.swift; path = HotelBillTests.swift; sourceTree = "<group>"; };
		C907F9CC26D16C110055B3FD /* HotelBillUITests.xctest */ = {isa = PBXFileReference; explicitFileType = wrapper.cfbundle; includeInIndex = 0; path = HotelBillUITests.xctest; sourceTree = BUILT_PRODUCTS_DIR; };
		C907F9D026D16C110055B3FD /* HotelBillUITests.swift */ = {isa = PBXFileReference; lastKnownFileType = sourcecode.swift; path = HotelBillUITests.swift; sourceTree = "<group>"; };
		C907F9D226D16C110055B3FD /* HotelBillUITestsLaunchTests.swift */ = {isa = PBXFileReference; lastKnownFileType = sourcecode.swift; path = HotelBillUITestsLaunchTests.swift; sourceTree = "<group>"; };
		C907FA1B26D17DDA0055B3FD /* SceneDelegate.swift */ = {isa = PBXFileReference; fileEncoding = 4; lastKnownFileType = sourcecode.swift; path = SceneDelegate.swift; sourceTree = "<group>"; };
		C907FA1C26D17DDA0055B3FD /* AppDelegate.swift */ = {isa = PBXFileReference; fileEncoding = 4; lastKnownFileType = sourcecode.swift; path = AppDelegate.swift; sourceTree = "<group>"; };
		C907FA1F26D17F090055B3FD /* Info.plist */ = {isa = PBXFileReference; fileEncoding = 4; lastKnownFileType = text.plist.xml; path = Info.plist; sourceTree = "<group>"; };
		C979E6BD26D282BE004FB0A9 /* WelcomeNavigationFormView.swift */ = {isa = PBXFileReference; lastKnownFileType = sourcecode.swift; path = WelcomeNavigationFormView.swift; sourceTree = "<group>"; };
/* End PBXFileReference section */

/* Begin PBXFrameworksBuildPhase section */
		C907F9AF26D16C0E0055B3FD /* Frameworks */ = {
			isa = PBXFrameworksBuildPhase;
			buildActionMask = 2147483647;
			files = (
				C907FA2326D1DD3C0055B3FD /* Introspect in Frameworks */,
			);
			runOnlyForDeploymentPostprocessing = 0;
		};
		C907F9BF26D16C110055B3FD /* Frameworks */ = {
			isa = PBXFrameworksBuildPhase;
			buildActionMask = 2147483647;
			files = (
			);
			runOnlyForDeploymentPostprocessing = 0;
		};
		C907F9C926D16C110055B3FD /* Frameworks */ = {
			isa = PBXFrameworksBuildPhase;
			buildActionMask = 2147483647;
			files = (
			);
			runOnlyForDeploymentPostprocessing = 0;
		};
/* End PBXFrameworksBuildPhase section */

/* Begin PBXGroup section */
		C907F9A926D16C0E0055B3FD = {
			isa = PBXGroup;
			children = (
				C907F9B426D16C0E0055B3FD /* HotelBill */,
				C907F9C526D16C110055B3FD /* HotelBillTests */,
				C907F9CF26D16C110055B3FD /* HotelBillUITests */,
				C907F9B326D16C0E0055B3FD /* Products */,
			);
			sourceTree = "<group>";
		};
		C907F9B326D16C0E0055B3FD /* Products */ = {
			isa = PBXGroup;
			children = (
				C907F9B226D16C0E0055B3FD /* HotelBill.app */,
				C907F9C226D16C110055B3FD /* HotelBillTests.xctest */,
				C907F9CC26D16C110055B3FD /* HotelBillUITests.xctest */,
			);
			name = Products;
			sourceTree = "<group>";
		};
		C907F9B426D16C0E0055B3FD /* HotelBill */ = {
			isa = PBXGroup;
			children = (
				C907FA1C26D17DDA0055B3FD /* AppDelegate.swift */,
				C907FA1B26D17DDA0055B3FD /* SceneDelegate.swift */,
				C907F9B526D16C0E0055B3FD /* HotelBillApp.swift */,
				C907F9B726D16C0E0055B3FD /* ContentView.swift */,
				C907FA1F26D17F090055B3FD /* Info.plist */,
				C907F9B926D16C100055B3FD /* Assets.xcassets */,
				C907F9BB26D16C100055B3FD /* Preview Content */,
				C979E6BD26D282BE004FB0A9 /* WelcomeNavigationFormView.swift */,
			);
			path = HotelBill;
			sourceTree = "<group>";
		};
		C907F9BB26D16C100055B3FD /* Preview Content */ = {
			isa = PBXGroup;
			children = (
				C907F9BC26D16C100055B3FD /* Preview Assets.xcassets */,
			);
			path = "Preview Content";
			sourceTree = "<group>";
		};
		C907F9C526D16C110055B3FD /* HotelBillTests */ = {
			isa = PBXGroup;
			children = (
				C907F9C626D16C110055B3FD /* HotelBillTests.swift */,
			);
			path = HotelBillTests;
			sourceTree = "<group>";
		};
		C907F9CF26D16C110055B3FD /* HotelBillUITests */ = {
			isa = PBXGroup;
			children = (
				C907F9D026D16C110055B3FD /* HotelBillUITests.swift */,
				C907F9D226D16C110055B3FD /* HotelBillUITestsLaunchTests.swift */,
			);
			path = HotelBillUITests;
			sourceTree = "<group>";
		};
/* End PBXGroup section */

/* Begin PBXNativeTarget section */
		C907F9B126D16C0E0055B3FD /* HotelBill */ = {
			isa = PBXNativeTarget;
			buildConfigurationList = C907F9D626D16C110055B3FD /* Build configuration list for PBXNativeTarget "HotelBill" */;
			buildPhases = (
				C907F9AE26D16C0E0055B3FD /* Sources */,
				C907F9AF26D16C0E0055B3FD /* Frameworks */,
				C907F9B026D16C0E0055B3FD /* Resources */,
			);
			buildRules = (
			);
			dependencies = (
			);
			name = HotelBill;
			packageProductDependencies = (
				C907FA2226D1DD3C0055B3FD /* Introspect */,
			);
			productName = HotelBill;
			productReference = C907F9B226D16C0E0055B3FD /* HotelBill.app */;
			productType = "com.apple.product-type.application";
		};
		C907F9C126D16C110055B3FD /* HotelBillTests */ = {
			isa = PBXNativeTarget;
			buildConfigurationList = C907F9D926D16C110055B3FD /* Build configuration list for PBXNativeTarget "HotelBillTests" */;
			buildPhases = (
				C907F9BE26D16C110055B3FD /* Sources */,
				C907F9BF26D16C110055B3FD /* Frameworks */,
				C907F9C026D16C110055B3FD /* Resources */,
			);
			buildRules = (
			);
			dependencies = (
				C907F9C426D16C110055B3FD /* PBXTargetDependency */,
			);
			name = HotelBillTests;
			productName = HotelBillTests;
			productReference = C907F9C226D16C110055B3FD /* HotelBillTests.xctest */;
			productType = "com.apple.product-type.bundle.unit-test";
		};
		C907F9CB26D16C110055B3FD /* HotelBillUITests */ = {
			isa = PBXNativeTarget;
			buildConfigurationList = C907F9DC26D16C110055B3FD /* Build configuration list for PBXNativeTarget "HotelBillUITests" */;
			buildPhases = (
				C907F9C826D16C110055B3FD /* Sources */,
				C907F9C926D16C110055B3FD /* Frameworks */,
				C907F9CA26D16C110055B3FD /* Resources */,
			);
			buildRules = (
			);
			dependencies = (
				C907F9CE26D16C110055B3FD /* PBXTargetDependency */,
			);
			name = HotelBillUITests;
			productName = HotelBillUITests;
			productReference = C907F9CC26D16C110055B3FD /* HotelBillUITests.xctest */;
			productType = "com.apple.product-type.bundle.ui-testing";
		};
/* End PBXNativeTarget section */

/* Begin PBXProject section */
		C907F9AA26D16C0E0055B3FD /* Project object */ = {
			isa = PBXProject;
			attributes = {
				BuildIndependentTargetsInParallel = 1;
				LastSwiftUpdateCheck = 1300;
				LastUpgradeCheck = 1300;
				TargetAttributes = {
					C907F9B126D16C0E0055B3FD = {
						CreatedOnToolsVersion = 13.0;
					};
					C907F9C126D16C110055B3FD = {
						CreatedOnToolsVersion = 13.0;
						TestTargetID = C907F9B126D16C0E0055B3FD;
					};
					C907F9CB26D16C110055B3FD = {
						CreatedOnToolsVersion = 13.0;
						TestTargetID = C907F9B126D16C0E0055B3FD;
					};
				};
			};
			buildConfigurationList = C907F9AD26D16C0E0055B3FD /* Build configuration list for PBXProject "HotelBill" */;
			compatibilityVersion = "Xcode 13.0";
			developmentRegion = en;
			hasScannedForEncodings = 0;
			knownRegions = (
				en,
				Base,
			);
			mainGroup = C907F9A926D16C0E0055B3FD;
			packageReferences = (
				C907FA2126D1DD3C0055B3FD /* XCRemoteSwiftPackageReference "SwiftUI-Introspect" */,
			);
			productRefGroup = C907F9B326D16C0E0055B3FD /* Products */;
			projectDirPath = "";
			projectRoot = "";
			targets = (
				C907F9B126D16C0E0055B3FD /* HotelBill */,
				C907F9C126D16C110055B3FD /* HotelBillTests */,
				C907F9CB26D16C110055B3FD /* HotelBillUITests */,
			);
		};
/* End PBXProject section */

/* Begin PBXResourcesBuildPhase section */
		C907F9B026D16C0E0055B3FD /* Resources */ = {
			isa = PBXResourcesBuildPhase;
			buildActionMask = 2147483647;
			files = (
				C907F9BD26D16C100055B3FD /* Preview Assets.xcassets in Resources */,
				C907F9BA26D16C100055B3FD /* Assets.xcassets in Resources */,
			);
			runOnlyForDeploymentPostprocessing = 0;
		};
		C907F9C026D16C110055B3FD /* Resources */ = {
			isa = PBXResourcesBuildPhase;
			buildActionMask = 2147483647;
			files = (
			);
			runOnlyForDeploymentPostprocessing = 0;
		};
		C907F9CA26D16C110055B3FD /* Resources */ = {
			isa = PBXResourcesBuildPhase;
			buildActionMask = 2147483647;
			files = (
			);
			runOnlyForDeploymentPostprocessing = 0;
		};
/* End PBXResourcesBuildPhase section */

/* Begin PBXSourcesBuildPhase section */
		C907F9AE26D16C0E0055B3FD /* Sources */ = {
			isa = PBXSourcesBuildPhase;
			buildActionMask = 2147483647;
			files = (
				C907FA1E26D17DDA0055B3FD /* AppDelegate.swift in Sources */,
				C907F9B826D16C0E0055B3FD /* ContentView.swift in Sources */,
				C979E6BE26D282BE004FB0A9 /* WelcomeNavigationFormView.swift in Sources */,
				C907F9B626D16C0E0055B3FD /* HotelBillApp.swift in Sources */,
				C907FA1D26D17DDA0055B3FD /* SceneDelegate.swift in Sources */,
			);
			runOnlyForDeploymentPostprocessing = 0;
		};
		C907F9BE26D16C110055B3FD /* Sources */ = {
			isa = PBXSourcesBuildPhase;
			buildActionMask = 2147483647;
			files = (
				C907F9C726D16C110055B3FD /* HotelBillTests.swift in Sources */,
			);
			runOnlyForDeploymentPostprocessing = 0;
		};
		C907F9C826D16C110055B3FD /* Sources */ = {
			isa = PBXSourcesBuildPhase;
			buildActionMask = 2147483647;
			files = (
				C907F9D326D16C110055B3FD /* HotelBillUITestsLaunchTests.swift in Sources */,
				C907F9D126D16C110055B3FD /* HotelBillUITests.swift in Sources */,
			);
			runOnlyForDeploymentPostprocessing = 0;
		};
/* End PBXSourcesBuildPhase section */

/* Begin PBXTargetDependency section */
		C907F9C426D16C110055B3FD /* PBXTargetDependency */ = {
			isa = PBXTargetDependency;
			target = C907F9B126D16C0E0055B3FD /* HotelBill */;
			targetProxy = C907F9C326D16C110055B3FD /* PBXContainerItemProxy */;
		};
		C907F9CE26D16C110055B3FD /* PBXTargetDependency */ = {
			isa = PBXTargetDependency;
			target = C907F9B126D16C0E0055B3FD /* HotelBill */;
			targetProxy = C907F9CD26D16C110055B3FD /* PBXContainerItemProxy */;
		};
/* End PBXTargetDependency section */

/* Begin XCBuildConfiguration section */
		C907F9D426D16C110055B3FD /* Debug */ = {
			isa = XCBuildConfiguration;
			buildSettings = {
				ALWAYS_SEARCH_USER_PATHS = NO;
				CLANG_ANALYZER_NONNULL = YES;
				CLANG_ANALYZER_NUMBER_OBJECT_CONVERSION = YES_AGGRESSIVE;
				CLANG_CXX_LANGUAGE_STANDARD = "gnu++17";
				CLANG_CXX_LIBRARY = "libc++";
				CLANG_ENABLE_MODULES = YES;
				CLANG_ENABLE_OBJC_ARC = YES;
				CLANG_ENABLE_OBJC_WEAK = YES;
				CLANG_WARN_BLOCK_CAPTURE_AUTORELEASING = YES;
				CLANG_WARN_BOOL_CONVERSION = YES;
				CLANG_WARN_COMMA = YES;
				CLANG_WARN_CONSTANT_CONVERSION = YES;
				CLANG_WARN_DEPRECATED_OBJC_IMPLEMENTATIONS = YES;
				CLANG_WARN_DIRECT_OBJC_ISA_USAGE = YES_ERROR;
				CLANG_WARN_DOCUMENTATION_COMMENTS = YES;
				CLANG_WARN_EMPTY_BODY = YES;
				CLANG_WARN_ENUM_CONVERSION = YES;
				CLANG_WARN_INFINITE_RECURSION = YES;
				CLANG_WARN_INT_CONVERSION = YES;
				CLANG_WARN_NON_LITERAL_NULL_CONVERSION = YES;
				CLANG_WARN_OBJC_IMPLICIT_RETAIN_SELF = YES;
				CLANG_WARN_OBJC_LITERAL_CONVERSION = YES;
				CLANG_WARN_OBJC_ROOT_CLASS = YES_ERROR;
				CLANG_WARN_QUOTED_INCLUDE_IN_FRAMEWORK_HEADER = YES;
				CLANG_WARN_RANGE_LOOP_ANALYSIS = YES;
				CLANG_WARN_STRICT_PROTOTYPES = YES;
				CLANG_WARN_SUSPICIOUS_MOVE = YES;
				CLANG_WARN_UNGUARDED_AVAILABILITY = YES_AGGRESSIVE;
				CLANG_WARN_UNREACHABLE_CODE = YES;
				CLANG_WARN__DUPLICATE_METHOD_MATCH = YES;
				COPY_PHASE_STRIP = NO;
				DEBUG_INFORMATION_FORMAT = dwarf;
				ENABLE_STRICT_OBJC_MSGSEND = YES;
				ENABLE_TESTABILITY = YES;
				GCC_C_LANGUAGE_STANDARD = gnu11;
				GCC_DYNAMIC_NO_PIC = NO;
				GCC_NO_COMMON_BLOCKS = YES;
				GCC_OPTIMIZATION_LEVEL = 0;
				GCC_PREPROCESSOR_DEFINITIONS = (
					"DEBUG=1",
					"$(inherited)",
				);
				GCC_WARN_64_TO_32_BIT_CONVERSION = YES;
				GCC_WARN_ABOUT_RETURN_TYPE = YES_ERROR;
				GCC_WARN_UNDECLARED_SELECTOR = YES;
				GCC_WARN_UNINITIALIZED_AUTOS = YES_AGGRESSIVE;
				GCC_WARN_UNUSED_FUNCTION = YES;
				GCC_WARN_UNUSED_VARIABLE = YES;
				IPHONEOS_DEPLOYMENT_TARGET = 15.0;
				MTL_ENABLE_DEBUG_INFO = INCLUDE_SOURCE;
				MTL_FAST_MATH = YES;
				ONLY_ACTIVE_ARCH = YES;
				SDKROOT = iphoneos;
				SWIFT_ACTIVE_COMPILATION_CONDITIONS = DEBUG;
				SWIFT_OPTIMIZATION_LEVEL = "-Onone";
			};
			name = Debug;
		};
		C907F9D526D16C110055B3FD /* Release */ = {
			isa = XCBuildConfiguration;
			buildSettings = {
				ALWAYS_SEARCH_USER_PATHS = NO;
				CLANG_ANALYZER_NONNULL = YES;
				CLANG_ANALYZER_NUMBER_OBJECT_CONVERSION = YES_AGGRESSIVE;
				CLANG_CXX_LANGUAGE_STANDARD = "gnu++17";
				CLANG_CXX_LIBRARY = "libc++";
				CLANG_ENABLE_MODULES = YES;
				CLANG_ENABLE_OBJC_ARC = YES;
				CLANG_ENABLE_OBJC_WEAK = YES;
				CLANG_WARN_BLOCK_CAPTURE_AUTORELEASING = YES;
				CLANG_WARN_BOOL_CONVERSION = YES;
				CLANG_WARN_COMMA = YES;
				CLANG_WARN_CONSTANT_CONVERSION = YES;
				CLANG_WARN_DEPRECATED_OBJC_IMPLEMENTATIONS = YES;
				CLANG_WARN_DIRECT_OBJC_ISA_USAGE = YES_ERROR;
				CLANG_WARN_DOCUMENTATION_COMMENTS = YES;
				CLANG_WARN_EMPTY_BODY = YES;
				CLANG_WARN_ENUM_CONVERSION = YES;
				CLANG_WARN_INFINITE_RECURSION = YES;
				CLANG_WARN_INT_CONVERSION = YES;
				CLANG_WARN_NON_LITERAL_NULL_CONVERSION = YES;
				CLANG_WARN_OBJC_IMPLICIT_RETAIN_SELF = YES;
				CLANG_WARN_OBJC_LITERAL_CONVERSION = YES;
				CLANG_WARN_OBJC_ROOT_CLASS = YES_ERROR;
				CLANG_WARN_QUOTED_INCLUDE_IN_FRAMEWORK_HEADER = YES;
				CLANG_WARN_RANGE_LOOP_ANALYSIS = YES;
				CLANG_WARN_STRICT_PROTOTYPES = YES;
				CLANG_WARN_SUSPICIOUS_MOVE = YES;
				CLANG_WARN_UNGUARDED_AVAILABILITY = YES_AGGRESSIVE;
				CLANG_WARN_UNREACHABLE_CODE = YES;
				CLANG_WARN__DUPLICATE_METHOD_MATCH = YES;
				COPY_PHASE_STRIP = NO;
				DEBUG_INFORMATION_FORMAT = "dwarf-with-dsym";
				ENABLE_NS_ASSERTIONS = NO;
				ENABLE_STRICT_OBJC_MSGSEND = YES;
				GCC_C_LANGUAGE_STANDARD = gnu11;
				GCC_NO_COMMON_BLOCKS = YES;
				GCC_WARN_64_TO_32_BIT_CONVERSION = YES;
				GCC_WARN_ABOUT_RETURN_TYPE = YES_ERROR;
				GCC_WARN_UNDECLARED_SELECTOR = YES;
				GCC_WARN_UNINITIALIZED_AUTOS = YES_AGGRESSIVE;
				GCC_WARN_UNUSED_FUNCTION = YES;
				GCC_WARN_UNUSED_VARIABLE = YES;
				IPHONEOS_DEPLOYMENT_TARGET = 15.0;
				MTL_ENABLE_DEBUG_INFO = NO;
				MTL_FAST_MATH = YES;
				SDKROOT = iphoneos;
				SWIFT_COMPILATION_MODE = wholemodule;
				SWIFT_OPTIMIZATION_LEVEL = "-O";
				VALIDATE_PRODUCT = YES;
			};
			name = Release;
		};
		C907F9D726D16C110055B3FD /* Debug */ = {
			isa = XCBuildConfiguration;
			buildSettings = {
				ASSETCATALOG_COMPILER_APPICON_NAME = AppIcon;
				ASSETCATALOG_COMPILER_GLOBAL_ACCENT_COLOR_NAME = AccentColor;
				CODE_SIGN_STYLE = Automatic;
				CURRENT_PROJECT_VERSION = 1;
				DEVELOPMENT_ASSET_PATHS = "\"HotelBill/Preview Content\"";
				ENABLE_PREVIEWS = YES;
				GENERATE_INFOPLIST_FILE = YES;
				INFOPLIST_FILE = HotelBill/Info.plist;
				INFOPLIST_KEY_UIApplicationSceneManifest_Generation = YES;
				INFOPLIST_KEY_UIApplicationSupportsIndirectInputEvents = YES;
				INFOPLIST_KEY_UILaunchScreen_Generation = YES;
				INFOPLIST_KEY_UISupportedInterfaceOrientations_iPad = "UIInterfaceOrientationPortrait UIInterfaceOrientationPortraitUpsideDown UIInterfaceOrientationLandscapeLeft UIInterfaceOrientationLandscapeRight";
				INFOPLIST_KEY_UISupportedInterfaceOrientations_iPhone = "UIInterfaceOrientationPortrait UIInterfaceOrientationLandscapeLeft UIInterfaceOrientationLandscapeRight";
				IPHONEOS_DEPLOYMENT_TARGET = 13.0;
				LD_RUNPATH_SEARCH_PATHS = (
					"$(inherited)",
					"@executable_path/Frameworks",
				);
				MARKETING_VERSION = 1.0;
				PRODUCT_BUNDLE_IDENTIFIER = com.yash.HotelBill;
				PRODUCT_NAME = "$(TARGET_NAME)";
				SWIFT_EMIT_LOC_STRINGS = YES;
				SWIFT_VERSION = 5.0;
				TARGETED_DEVICE_FAMILY = "1,2";
			};
			name = Debug;
		};
		C907F9D826D16C110055B3FD /* Release */ = {
			isa = XCBuildConfiguration;
			buildSettings = {
				ASSETCATALOG_COMPILER_APPICON_NAME = AppIcon;
				ASSETCATALOG_COMPILER_GLOBAL_ACCENT_COLOR_NAME = AccentColor;
				CODE_SIGN_STYLE = Automatic;
				CURRENT_PROJECT_VERSION = 1;
				DEVELOPMENT_ASSET_PATHS = "\"HotelBill/Preview Content\"";
				ENABLE_PREVIEWS = YES;
				GENERATE_INFOPLIST_FILE = YES;
				INFOPLIST_FILE = HotelBill/Info.plist;
				INFOPLIST_KEY_UIApplicationSceneManifest_Generation = YES;
				INFOPLIST_KEY_UIApplicationSupportsIndirectInputEvents = YES;
				INFOPLIST_KEY_UILaunchScreen_Generation = YES;
				INFOPLIST_KEY_UISupportedInterfaceOrientations_iPad = "UIInterfaceOrientationPortrait UIInterfaceOrientationPortraitUpsideDown UIInterfaceOrientationLandscapeLeft UIInterfaceOrientationLandscapeRight";
				INFOPLIST_KEY_UISupportedInterfaceOrientations_iPhone = "UIInterfaceOrientationPortrait UIInterfaceOrientationLandscapeLeft UIInterfaceOrientationLandscapeRight";
				IPHONEOS_DEPLOYMENT_TARGET = 13.0;
				LD_RUNPATH_SEARCH_PATHS = (
					"$(inherited)",
					"@executable_path/Frameworks",
				);
				MARKETING_VERSION = 1.0;
				PRODUCT_BUNDLE_IDENTIFIER = com.yash.HotelBill;
				PRODUCT_NAME = "$(TARGET_NAME)";
				SWIFT_EMIT_LOC_STRINGS = YES;
				SWIFT_VERSION = 5.0;
				TARGETED_DEVICE_FAMILY = "1,2";
			};
			name = Release;
		};
		C907F9DA26D16C110055B3FD /* Debug */ = {
			isa = XCBuildConfiguration;
			buildSettings = {
				ALWAYS_EMBED_SWIFT_STANDARD_LIBRARIES = YES;
				BUNDLE_LOADER = "$(TEST_HOST)";
				CODE_SIGN_STYLE = Automatic;
				CURRENT_PROJECT_VERSION = 1;
				GENERATE_INFOPLIST_FILE = YES;
				IPHONEOS_DEPLOYMENT_TARGET = 14.0;
				LD_RUNPATH_SEARCH_PATHS = (
					"$(inherited)",
					"@executable_path/Frameworks",
					"@loader_path/Frameworks",
				);
				MARKETING_VERSION = 1.0;
				PRODUCT_BUNDLE_IDENTIFIER = com.yash.HotelBillTests;
				PRODUCT_NAME = "$(TARGET_NAME)";
				SWIFT_EMIT_LOC_STRINGS = NO;
				SWIFT_VERSION = 5.0;
				TARGETED_DEVICE_FAMILY = "1,2";
				TEST_HOST = "$(BUILT_PRODUCTS_DIR)/HotelBill.app/HotelBill";
			};
			name = Debug;
		};
		C907F9DB26D16C110055B3FD /* Release */ = {
			isa = XCBuildConfiguration;
			buildSettings = {
				ALWAYS_EMBED_SWIFT_STANDARD_LIBRARIES = YES;
				BUNDLE_LOADER = "$(TEST_HOST)";
				CODE_SIGN_STYLE = Automatic;
				CURRENT_PROJECT_VERSION = 1;
				GENERATE_INFOPLIST_FILE = YES;
				IPHONEOS_DEPLOYMENT_TARGET = 14.0;
				LD_RUNPATH_SEARCH_PATHS = (
					"$(inherited)",
					"@executable_path/Frameworks",
					"@loader_path/Frameworks",
				);
				MARKETING_VERSION = 1.0;
				PRODUCT_BUNDLE_IDENTIFIER = com.yash.HotelBillTests;
				PRODUCT_NAME = "$(TARGET_NAME)";
				SWIFT_EMIT_LOC_STRINGS = NO;
				SWIFT_VERSION = 5.0;
				TARGETED_DEVICE_FAMILY = "1,2";
				TEST_HOST = "$(BUILT_PRODUCTS_DIR)/HotelBill.app/HotelBill";
			};
			name = Release;
		};
		C907F9DD26D16C110055B3FD /* Debug */ = {
			isa = XCBuildConfiguration;
			buildSettings = {
				ALWAYS_EMBED_SWIFT_STANDARD_LIBRARIES = YES;
				CODE_SIGN_STYLE = Automatic;
				CURRENT_PROJECT_VERSION = 1;
				GENERATE_INFOPLIST_FILE = YES;
				LD_RUNPATH_SEARCH_PATHS = (
					"$(inherited)",
					"@executable_path/Frameworks",
					"@loader_path/Frameworks",
				);
				MARKETING_VERSION = 1.0;
				PRODUCT_BUNDLE_IDENTIFIER = com.yash.HotelBillUITests;
				PRODUCT_NAME = "$(TARGET_NAME)";
				SWIFT_EMIT_LOC_STRINGS = NO;
				SWIFT_VERSION = 5.0;
				TARGETED_DEVICE_FAMILY = "1,2";
				TEST_TARGET_NAME = HotelBill;
			};
			name = Debug;
		};
		C907F9DE26D16C110055B3FD /* Release */ = {
			isa = XCBuildConfiguration;
			buildSettings = {
				ALWAYS_EMBED_SWIFT_STANDARD_LIBRARIES = YES;
				CODE_SIGN_STYLE = Automatic;
				CURRENT_PROJECT_VERSION = 1;
				GENERATE_INFOPLIST_FILE = YES;
				LD_RUNPATH_SEARCH_PATHS = (
					"$(inherited)",
					"@executable_path/Frameworks",
					"@loader_path/Frameworks",
				);
				MARKETING_VERSION = 1.0;
				PRODUCT_BUNDLE_IDENTIFIER = com.yash.HotelBillUITests;
				PRODUCT_NAME = "$(TARGET_NAME)";
				SWIFT_EMIT_LOC_STRINGS = NO;
				SWIFT_VERSION = 5.0;
				TARGETED_DEVICE_FAMILY = "1,2";
				TEST_TARGET_NAME = HotelBill;
			};
			name = Release;
		};
/* End XCBuildConfiguration section */

/* Begin XCConfigurationList section */
		C907F9AD26D16C0E0055B3FD /* Build configuration list for PBXProject "HotelBill" */ = {
			isa = XCConfigurationList;
			buildConfigurations = (
				C907F9D426D16C110055B3FD /* Debug */,
				C907F9D526D16C110055B3FD /* Release */,
			);
			defaultConfigurationIsVisible = 0;
			defaultConfigurationName = Release;
		};
		C907F9D626D16C110055B3FD /* Build configuration list for PBXNativeTarget "HotelBill" */ = {
			isa = XCConfigurationList;
			buildConfigurations = (
				C907F9D726D16C110055B3FD /* Debug */,
				C907F9D826D16C110055B3FD /* Release */,
			);
			defaultConfigurationIsVisible = 0;
			defaultConfigurationName = Release;
		};
		C907F9D926D16C110055B3FD /* Build configuration list for PBXNativeTarget "HotelBillTests" */ = {
			isa = XCConfigurationList;
			buildConfigurations = (
				C907F9DA26D16C110055B3FD /* Debug */,
				C907F9DB26D16C110055B3FD /* Release */,
			);
			defaultConfigurationIsVisible = 0;
			defaultConfigurationName = Release;
		};
		C907F9DC26D16C110055B3FD /* Build configuration list for PBXNativeTarget "HotelBillUITests" */ = {
			isa = XCConfigurationList;
			buildConfigurations = (
				C907F9DD26D16C110055B3FD /* Debug */,
				C907F9DE26D16C110055B3FD /* Release */,
			);
			defaultConfigurationIsVisible = 0;
			defaultConfigurationName = Release;
		};
/* End XCConfigurationList section */

/* Begin XCRemoteSwiftPackageReference section */
		C907FA2126D1DD3C0055B3FD /* XCRemoteSwiftPackageReference "SwiftUI-Introspect" */ = {
			isa = XCRemoteSwiftPackageReference;
			repositoryURL = "https://github.com/siteline/SwiftUI-Introspect.git";
			requirement = {
				kind = upToNextMajorVersion;
				minimumVersion = 0.1.3;
			};
		};
/* End XCRemoteSwiftPackageReference section */

/* Begin XCSwiftPackageProductDependency section */
		C907FA2226D1DD3C0055B3FD /* Introspect */ = {
			isa = XCSwiftPackageProductDependency;
			package = C907FA2126D1DD3C0055B3FD /* XCRemoteSwiftPackageReference "SwiftUI-Introspect" */;
			productName = Introspect;
		};
/* End XCSwiftPackageProductDependency section */
	};
	rootObject = C907F9AA26D16C0E0055B3FD /* Project object */;
}
